
Microsoft Visual Studio Solution File, Format Version 12.00
# Visual Studio Version 17
VisualStudioVersion = 17.14.36518.9 d17.14
MinimumVisualStudioVersion = 10.0.40219.1
Project("{FAE04EC0-301F-11D3-BF4B-00C04F79EFBC}") = "CTV.SafetyNet.Service_poc", "CTV.SafetyNet.Service_poc.csproj", "{96E4C547-CFF5-4EDE-BC09-B7B47A6032BA}"
EndProject
Global
	GlobalSection(SolutionConfigurationPlatforms) = preSolution
		Debug|Any CPU = Debug|Any CPU
		Release|Any CPU = Release|Any CPU
	EndGlobalSection
	GlobalSection(ProjectConfigurationPlatforms) = postSolution
		{96E4C547-CFF5-4EDE-BC09-B7B47A6032BA}.Debug|Any CPU.ActiveCfg = Debug|Any CPU
		{96E4C547-CFF5-4EDE-BC09-B7B47A6032BA}.Debug|Any CPU.Build.0 = Debug|Any CPU
		{96E4C547-CFF5-4EDE-BC09-B7B47A6032BA}.Release|Any CPU.ActiveCfg = Release|Any CPU
		{96E4C547-CFF5-4EDE-BC09-B7B47A6032BA}.Release|Any CPU.Build.0 = Release|Any CPU
	EndGlobalSection
	GlobalSection(SolutionProperties) = preSolution
		HideSolutionNode = FALSE
	EndGlobalSection
	GlobalSection(ExtensibilityGlobals) = postSolution
		SolutionGuid = {0BE87CB8-C2DA-419C-A6DB-655026B7CE14}
	EndGlobalSection
EndGlobal
